// !$*UTF8*$!
{
	archiveVersion = 1;
	classes = {
	};
	objectVersion = 50;
	objects = {

/* Begin PBXBuildFile section */
		FFDA7C4625C8C67100358B30 /* AppDelegate.swift in Sources */ = {isa = PBXBuildFile; fileRef = FFDA7C4525C8C67100358B30 /* AppDelegate.swift */; };
		FFDA7C4825C8C67100358B30 /* SceneDelegate.swift in Sources */ = {isa = PBXBuildFile; fileRef = FFDA7C4725C8C67100358B30 /* SceneDelegate.swift */; };
		FFDA7C4A25C8C67100358B30 /* ViewController.swift in Sources */ = {isa = PBXBuildFile; fileRef = FFDA7C4925C8C67100358B30 /* ViewController.swift */; };
		FFDA7C4D25C8C67100358B30 /* Main.storyboard in Resources */ = {isa = PBXBuildFile; fileRef = FFDA7C4B25C8C67100358B30 /* Main.storyboard */; };
		FFDA7C4F25C8C67500358B30 /* Assets.xcassets in Resources */ = {isa = PBXBuildFile; fileRef = FFDA7C4E25C8C67500358B30 /* Assets.xcassets */; };
		FFDA7C5225C8C67500358B30 /* LaunchScreen.storyboard in Resources */ = {isa = PBXBuildFile; fileRef = FFDA7C5025C8C67500358B30 /* LaunchScreen.storyboard */; };
/* End PBXBuildFile section */

/* Begin PBXFileReference section */
		FFDA7C4225C8C67100358B30 /* twitter_clone.app */ = {isa = PBXFileReference; explicitFileType = wrapper.application; includeInIndex = 0; path = twitter_clone.app; sourceTree = BUILT_PRODUCTS_DIR; };
		FFDA7C4525C8C67100358B30 /* AppDelegate.swift */ = {isa = PBXFileReference; lastKnownFileType = sourcecode.swift; path = AppDelegate.swift; sourceTree = "<group>"; };
		FFDA7C4725C8C67100358B30 /* SceneDelegate.swift */ = {isa = PBXFileReference; lastKnownFileType = sourcecode.swift; path = SceneDelegate.swift; sourceTree = "<group>"; };
		FFDA7C4925C8C67100358B30 /* ViewController.swift */ = {isa = PBXFileReference; lastKnownFileType = sourcecode.swift; path = ViewController.swift; sourceTree = "<group>"; };
		FFDA7C4C25C8C67100358B30 /* Base */ = {isa = PBXFileReference; lastKnownFileType = file.storyboard; name = Base; path = Base.lproj/Main.storyboard; sourceTree = "<group>"; };
		FFDA7C4E25C8C67500358B30 /* Assets.xcassets */ = {isa = PBXFileReference; lastKnownFileType = folder.assetcatalog; path = Assets.xcassets; sourceTree = "<group>"; };
		FFDA7C5125C8C67500358B30 /* Base */ = {isa = PBXFileReference; lastKnownFileType = file.storyboard; name = Base; path = Base.lproj/LaunchScreen.storyboard; sourceTree = "<group>"; };
		FFDA7C5325C8C67500358B30 /* Info.plist */ = {isa = PBXFileReference; lastKnownFileType = text.plist.xml; path = Info.plist; sourceTree = "<group>"; };
/* End PBXFileReference section */

/* Begin PBXFrameworksBuildPhase section */
		FFDA7C3F25C8C67100358B30 /* Frameworks */ = {
			isa = PBXFrameworksBuildPhase;
			buildActionMask = 2147483647;
			files = (
			);
			runOnlyForDeploymentPostprocessing = 0;
		};
/* End PBXFrameworksBuildPhase section */

/* Begin PBXGroup section */
		FFDA7C3925C8C67100358B30 = {
			isa = PBXGroup;
			children = (
				FFDA7C4425C8C67100358B30 /* twitter_clone */,
				FFDA7C4325C8C67100358B30 /* Products */,
			);
			sourceTree = "<group>";
		};
		FFDA7C4325C8C67100358B30 /* Products */ = {
			isa = PBXGroup;
			children = (
				FFDA7C4225C8C67100358B30 /* twitter_clone.app */,
			);
			name = Products;
			sourceTree = "<group>";
		};
		FFDA7C4425C8C67100358B30 /* twitter_clone */ = {
			isa = PBXGroup;
			children = (
				FFDA7C4525C8C67100358B30 /* AppDelegate.swift */,
				FFDA7C4725C8C67100358B30 /* SceneDelegate.swift */,
				FFDA7C4925C8C67100358B30 /* ViewController.swift */,
				FFDA7C4B25C8C67100358B30 /* Main.storyboard */,
				FFDA7C4E25C8C67500358B30 /* Assets.xcassets */,
				FFDA7C5025C8C67500358B30 /* LaunchScreen.storyboard */,
				FFDA7C5325C8C67500358B30 /* Info.plist */,
			);
			path = twitter_clone;
			sourceTree = "<group>";
		};
/* End PBXGroup section */

/* Begin PBXNativeTarget section */
		FFDA7C4125C8C67100358B30 /* twitter_clone */ = {
			isa = PBXNativeTarget;
			buildConfigurationList = FFDA7C5625C8C67500358B30 /* Build configuration list for PBXNativeTarget "twitter_clone" */;
			buildPhases = (
				FFDA7C3E25C8C67100358B30 /* Sources */,
				FFDA7C3F25C8C67100358B30 /* Frameworks */,
				FFDA7C4025C8C67100358B30 /* Resources */,
			);
			buildRules = (
			);
			dependencies = (
			);
			name = twitter_clone;
			productName = twitter_clone;
			productReference = FFDA7C4225C8C67100358B30 /* twitter_clone.app */;
			productType = "com.apple.product-type.application";
		};
/* End PBXNativeTarget section */

/* Begin PBXProject section */
		FFDA7C3A25C8C67100358B30 /* Project object */ = {
			isa = PBXProject;
			attributes = {
				LastSwiftUpdateCheck = 1240;
				LastUpgradeCheck = 1240;
				TargetAttributes = {
					FFDA7C4125C8C67100358B30 = {
						CreatedOnToolsVersion = 12.4;
					};
				};
			};
			buildConfigurationList = FFDA7C3D25C8C67100358B30 /* Build configuration list for PBXProject "twitter_clone" */;
			compatibilityVersion = "Xcode 9.3";
			developmentRegion = en;
			hasScannedForEncodings = 0;
			knownRegions = (
				en,
				Base,
			);
			mainGroup = FFDA7C3925C8C67100358B30;
			productRefGroup = FFDA7C4325C8C67100358B30 /* Products */;
			projectDirPath = "";
			projectRoot = "";
			targets = (
				FFDA7C4125C8C67100358B30 /* twitter_clone */,
			);
		};
/* End PBXProject section */

/* Begin PBXResourcesBuildPhase section */
		FFDA7C4025C8C67100358B30 /* Resources */ = {
			isa = PBXResourcesBuildPhase;
			buildActionMask = 2147483647;
			files = (
				FFDA7C5225C8C67500358B30 /* LaunchScreen.storyboard in Resources */,
				FFDA7C4F25C8C67500358B30 /* Assets.xcassets in Resources */,
				FFDA7C4D25C8C67100358B30 /* Main.storyboard in Resources */,
			);
			runOnlyForDeploymentPostprocessing = 0;
		};
/* End PBXResourcesBuildPhase section */

/* Begin PBXSourcesBuildPhase section */
		FFDA7C3E25C8C67100358B30 /* Sources */ = {
			isa = PBXSourcesBuildPhase;
			buildActionMask = 2147483647;
			files = (
				FFDA7C4A25C8C67100358B30 /* ViewController.swift in Sources */,
				FFDA7C4625C8C67100358B30 /* AppDelegate.swift in Sources */,
				FFDA7C4825C8C67100358B30 /* SceneDelegate.swift in Sources */,
			);
			runOnlyForDeploymentPostprocessing = 0;
		};
/* End PBXSourcesBuildPhase section */

/* Begin PBXVariantGroup section */
		FFDA7C4B25C8C67100358B30 /* Main.storyboard */ = {
			isa = PBXVariantGroup;
			children = (
				FFDA7C4C25C8C67100358B30 /* Base */,
			);
			name = Main.storyboard;
			sourceTree = "<group>";
		};
		FFDA7C5025C8C67500358B30 /* LaunchScreen.storyboard */ = {
			isa = PBXVariantGroup;
			children = (
				FFDA7C5125C8C67500358B30 /* Base */,
			);
			name = LaunchScreen.storyboard;
			sourceTree = "<group>";
		};
/* End PBXVariantGroup section */

/* Begin XCBuildConfiguration section */
		FFDA7C5425C8C67500358B30 /* Debug */ = {
			isa = XCBuildConfiguration;
			buildSettings = {
				ALWAYS_SEARCH_USER_PATHS = NO;
				CLANG_ANALYZER_NONNULL = YES;
				CLANG_ANALYZER_NUMBER_OBJECT_CONVERSION = YES_AGGRESSIVE;
				CLANG_CXX_LANGUAGE_STANDARD = "gnu++14";
				CLANG_CXX_LIBRARY = "libc++";
				CLANG_ENABLE_MODULES = YES;
				CLANG_ENABLE_OBJC_ARC = YES;
				CLANG_ENABLE_OBJC_WEAK = YES;
				CLANG_WARN_BLOCK_CAPTURE_AUTORELEASING = YES;
				CLANG_WARN_BOOL_CONVERSION = YES;
				CLANG_WARN_COMMA = YES;
				CLANG_WARN_CONSTANT_CONVERSION = YES;
				CLANG_WARN_DEPRECATED_OBJC_IMPLEMENTATIONS = YES;
				CLANG_WARN_DIRECT_OBJC_ISA_USAGE = YES_ERROR;
				CLANG_WARN_DOCUMENTATION_COMMENTS = YES;
				CLANG_WARN_EMPTY_BODY = YES;
				CLANG_WARN_ENUM_CONVERSION = YES;
				CLANG_WARN_INFINITE_RECURSION = YES;
				CLANG_WARN_INT_CONVERSION = YES;
				CLANG_WARN_NON_LITERAL_NULL_CONVERSION = YES;
				CLANG_WARN_OBJC_IMPLICIT_RETAIN_SELF = YES;
				CLANG_WARN_OBJC_LITERAL_CONVERSION = YES;
				CLANG_WARN_OBJC_ROOT_CLASS = YES_ERROR;
				CLANG_WARN_QUOTED_INCLUDE_IN_FRAMEWORK_HEADER = YES;
				CLANG_WARN_RANGE_LOOP_ANALYSIS = YES;
				CLANG_WARN_STRICT_PROTOTYPES = YES;
				CLANG_WARN_SUSPICIOUS_MOVE = YES;
				CLANG_WARN_UNGUARDED_AVAILABILITY = YES_AGGRESSIVE;
				CLANG_WARN_UNREACHABLE_CODE = YES;
				CLANG_WARN__DUPLICATE_METHOD_MATCH = YES;
				COPY_PHASE_STRIP = NO;
				DEBUG_INFORMATION_FORMAT = dwarf;
				ENABLE_STRICT_OBJC_MSGSEND = YES;
				ENABLE_TESTABILITY = YES;
				GCC_C_LANGUAGE_STANDARD = gnu11;
				GCC_DYNAMIC_NO_PIC = NO;
				GCC_NO_COMMON_BLOCKS = YES;
				GCC_OPTIMIZATION_LEVEL = 0;
				GCC_PREPROCESSOR_DEFINITIONS = (
					"DEBUG=1",
					"$(inherited)",
				);
				GCC_WARN_64_TO_32_BIT_CONVERSION = YES;
				GCC_WARN_ABOUT_RETURN_TYPE = YES_ERROR;
				GCC_WARN_UNDECLARED_SELECTOR = YES;
				GCC_WARN_UNINITIALIZED_AUTOS = YES_AGGRESSIVE;
				GCC_WARN_UNUSED_FUNCTION = YES;
				GCC_WARN_UNUSED_VARIABLE = YES;
				IPHONEOS_DEPLOYMENT_TARGET = 14.4;
				MTL_ENABLE_DEBUG_INFO = INCLUDE_SOURCE;
				MTL_FAST_MATH = YES;
				ONLY_ACTIVE_ARCH = YES;
				SDKROOT = iphoneos;
				SWIFT_ACTIVE_COMPILATION_CONDITIONS = DEBUG;
				SWIFT_OPTIMIZATION_LEVEL = "-Onone";
			};
			name = Debug;
		};
		FFDA7C5525C8C67500358B30 /* Release */ = {
			isa = XCBuildConfiguration;
			buildSettings = {
				ALWAYS_SEARCH_USER_PATHS = NO;
				CLANG_ANALYZER_NONNULL = YES;
				CLANG_ANALYZER_NUMBER_OBJECT_CONVERSION = YES_AGGRESSIVE;
				CLANG_CXX_LANGUAGE_STANDARD = "gnu++14";
				CLANG_CXX_LIBRARY = "libc++";
				CLANG_ENABLE_MODULES = YES;
				CLANG_ENABLE_OBJC_ARC = YES;
				CLANG_ENABLE_OBJC_WEAK = YES;
				CLANG_WARN_BLOCK_CAPTURE_AUTORELEASING = YES;
				CLANG_WARN_BOOL_CONVERSION = YES;
				CLANG_WARN_COMMA = YES;
				CLANG_WARN_CONSTANT_CONVERSION = YES;
				CLANG_WARN_DEPRECATED_OBJC_IMPLEMENTATIONS = YES;
				CLANG_WARN_DIRECT_OBJC_ISA_USAGE = YES_ERROR;
				CLANG_WARN_DOCUMENTATION_COMMENTS = YES;
				CLANG_WARN_EMPTY_BODY = YES;
				CLANG_WARN_ENUM_CONVERSION = YES;
				CLANG_WARN_INFINITE_RECURSION = YES;
				CLANG_WARN_INT_CONVERSION = YES;
				CLANG_WARN_NON_LITERAL_NULL_CONVERSION = YES;
				CLANG_WARN_OBJC_IMPLICIT_RETAIN_SELF = YES;
				CLANG_WARN_OBJC_LITERAL_CONVERSION = YES;
				CLANG_WARN_OBJC_ROOT_CLASS = YES_ERROR;
				CLANG_WARN_QUOTED_INCLUDE_IN_FRAMEWORK_HEADER = YES;
				CLANG_WARN_RANGE_LOOP_ANALYSIS = YES;
				CLANG_WARN_STRICT_PROTOTYPES = YES;
				CLANG_WARN_SUSPICIOUS_MOVE = YES;
				CLANG_WARN_UNGUARDED_AVAILABILITY = YES_AGGRESSIVE;
				CLANG_WARN_UNREACHABLE_CODE = YES;
				CLANG_WARN__DUPLICATE_METHOD_MATCH = YES;
				COPY_PHASE_STRIP = NO;
				DEBUG_INFORMATION_FORMAT = "dwarf-with-dsym";
				ENABLE_NS_ASSERTIONS = NO;
				ENABLE_STRICT_OBJC_MSGSEND = YES;
				GCC_C_LANGUAGE_STANDARD = gnu11;
				GCC_NO_COMMON_BLOCKS = YES;
				GCC_WARN_64_TO_32_BIT_CONVERSION = YES;
				GCC_WARN_ABOUT_RETURN_TYPE = YES_ERROR;
				GCC_WARN_UNDECLARED_SELECTOR = YES;
				GCC_WARN_UNINITIALIZED_AUTOS = YES_AGGRESSIVE;
				GCC_WARN_UNUSED_FUNCTION = YES;
				GCC_WARN_UNUSED_VARIABLE = YES;
				IPHONEOS_DEPLOYMENT_TARGET = 14.4;
				MTL_ENABLE_DEBUG_INFO = NO;
				MTL_FAST_MATH = YES;
				SDKROOT = iphoneos;
				SWIFT_COMPILATION_MODE = wholemodule;
				SWIFT_OPTIMIZATION_LEVEL = "-O";
				VALIDATE_PRODUCT = YES;
			};
			name = Release;
		};
		FFDA7C5725C8C67500358B30 /* Debug */ = {
			isa = XCBuildConfiguration;
			buildSettings = {
				ASSETCATALOG_COMPILER_APPICON_NAME = AppIcon;
				ASSETCATALOG_COMPILER_GLOBAL_ACCENT_COLOR_NAME = AccentColor;
				CODE_SIGN_STYLE = Automatic;
				DEVELOPMENT_TEAM = Y7P7VH7LX5;
				INFOPLIST_FILE = twitter_clone/Info.plist;
				LD_RUNPATH_SEARCH_PATHS = (
					"$(inherited)",
					"@executable_path/Frameworks",
				);
				PRODUCT_BUNDLE_IDENTIFIER = "tientranzt.github.com.twitter-clone";
				PRODUCT_NAME = "$(TARGET_NAME)";
				SWIFT_VERSION = 5.0;
				TARGETED_DEVICE_FAMILY = "1,2";
			};
			name = Debug;
		};
		FFDA7C5825C8C67500358B30 /* Release */ = {
			isa = XCBuildConfiguration;
			buildSettings = {
				ASSETCATALOG_COMPILER_APPICON_NAME = AppIcon;
				ASSETCATALOG_COMPILER_GLOBAL_ACCENT_COLOR_NAME = AccentColor;
				CODE_SIGN_STYLE = Automatic;
				DEVELOPMENT_TEAM = Y7P7VH7LX5;
				INFOPLIST_FILE = twitter_clone/Info.plist;
				LD_RUNPATH_SEARCH_PATHS = (
					"$(inherited)",
					"@executable_path/Frameworks",
				);
				PRODUCT_BUNDLE_IDENTIFIER = "tientranzt.github.com.twitter-clone";
				PRODUCT_NAME = "$(TARGET_NAME)";
				SWIFT_VERSION = 5.0;
				TARGETED_DEVICE_FAMILY = "1,2";
			};
			name = Release;
		};
/* End XCBuildConfiguration section */

/* Begin XCConfigurationList section */
		FFDA7C3D25C8C67100358B30 /* Build configuration list for PBXProject "twitter_clone" */ = {
			isa = XCConfigurationList;
			buildConfigurations = (
				FFDA7C5425C8C67500358B30 /* Debug */,
				FFDA7C5525C8C67500358B30 /* Release */,
			);
			defaultConfigurationIsVisible = 0;
			defaultConfigurationName = Release;
		};
		FFDA7C5625C8C67500358B30 /* Build configuration list for PBXNativeTarget "twitter_clone" */ = {
			isa = XCConfigurationList;
			buildConfigurations = (
				FFDA7C5725C8C67500358B30 /* Debug */,
				FFDA7C5825C8C67500358B30 /* Release */,
			);
			defaultConfigurationIsVisible = 0;
			defaultConfigurationName = Release;
		};
/* End XCConfigurationList section */
	};
	rootObject = FFDA7C3A25C8C67100358B30 /* Project object */;
}
